
Microsoft Visual Studio Solution File, Format Version 12.00
# Visual Studio Version 17
VisualStudioVersion = 17.9.34616.47
MinimumVisualStudioVersion = 10.0.40219.1
Project("{FAE04EC0-301F-11D3-BF4B-00C04F79EFBC}") = "kriptoOdevi", "kriptoOdevi\kriptoOdevi.csproj", "{47CEB3BE-8BB8-44B2-8330-48ECA62A804A}"
EndProject
Global
	GlobalSection(SolutionConfigurationPlatforms) = preSolution
		Debug|Any CPU = Debug|Any CPU
		Release|Any CPU = Release|Any CPU
	EndGlobalSection
	GlobalSection(ProjectConfigurationPlatforms) = postSolution
		{47CEB3BE-8BB8-44B2-8330-48ECA62A804A}.Debug|Any CPU.ActiveCfg = Debug|Any CPU
		{47CEB3BE-8BB8-44B2-8330-48ECA62A804A}.Debug|Any CPU.Build.0 = Debug|Any CPU
		{47CEB3BE-8BB8-44B2-8330-48ECA62A804A}.Release|Any CPU.ActiveCfg = Release|Any CPU
		{47CEB3BE-8BB8-44B2-8330-48ECA62A804A}.Release|Any CPU.Build.0 = Release|Any CPU
	EndGlobalSection
	GlobalSection(SolutionProperties) = preSolution
		HideSolutionNode = FALSE
	EndGlobalSection
	GlobalSection(ExtensibilityGlobals) = postSolution
		SolutionGuid = {ADF2D191-DC6F-49F1-901A-77DB7651B39D}
	EndGlobalSection
EndGlobal
